
Microsoft Visual Studio Solution File, Format Version 12.00
# Visual Studio 15
VisualStudioVersion = 15.0.26730.12
MinimumVisualStudioVersion = 10.0.40219.1
Project("{FAE04EC0-301F-11D3-BF4B-00C04F79EFBC}") = "DownloadTools", "DownloadTools.csproj", "{A488B1F5-15C1-4EBD-9974-FDE0B1574BC9}"
EndProject
Project("{FAE04EC0-301F-11D3-BF4B-00C04F79EFBC}") = "FilesServer", "FilesServer\FilesServer.csproj", "{2322E10A-AF24-44B8-8114-37FEA559D96D}"
EndProject
Global
	GlobalSection(SolutionConfigurationPlatforms) = preSolution
		Debug|Any CPU = Debug|Any CPU
		Release|Any CPU = Release|Any CPU
	EndGlobalSection
	GlobalSection(ProjectConfigurationPlatforms) = postSolution
		{A488B1F5-15C1-4EBD-9974-FDE0B1574BC9}.Debug|Any CPU.ActiveCfg = Debug|Any CPU
		{A488B1F5-15C1-4EBD-9974-FDE0B1574BC9}.Debug|Any CPU.Build.0 = Debug|Any CPU
		{A488B1F5-15C1-4EBD-9974-FDE0B1574BC9}.Release|Any CPU.ActiveCfg = Release|Any CPU
		{A488B1F5-15C1-4EBD-9974-FDE0B1574BC9}.Release|Any CPU.Build.0 = Release|Any CPU
		{2322E10A-AF24-44B8-8114-37FEA559D96D}.Debug|Any CPU.ActiveCfg = Debug|Any CPU
		{2322E10A-AF24-44B8-8114-37FEA559D96D}.Debug|Any CPU.Build.0 = Debug|Any CPU
		{2322E10A-AF24-44B8-8114-37FEA559D96D}.Release|Any CPU.ActiveCfg = Release|Any CPU
		{2322E10A-AF24-44B8-8114-37FEA559D96D}.Release|Any CPU.Build.0 = Release|Any CPU
	EndGlobalSection
	GlobalSection(SolutionProperties) = preSolution
		HideSolutionNode = FALSE
	EndGlobalSection
	GlobalSection(ExtensibilityGlobals) = postSolution
		SolutionGuid = {34E012F2-86F3-47E8-8392-AC265EDF9364}
	EndGlobalSection
EndGlobal
